
Microsoft Visual Studio Solution File, Format Version 12.00
# Visual Studio Version 17
VisualStudioVersion = 17.4.33213.308
MinimumVisualStudioVersion = 10.0.40219.1
Project("{FAE04EC0-301F-11D3-BF4B-00C04F79EFBC}") = "Expense_Tracker", "Expense_Tracker\Expense_Tracker.csproj", "{2DBCDDC5-9F35-44E3-97DB-9470D6B6EF2A}"
EndProject
Global
	GlobalSection(SolutionConfigurationPlatforms) = preSolution
		Debug|Any CPU = Debug|Any CPU
		Release|Any CPU = Release|Any CPU
	EndGlobalSection
	GlobalSection(ProjectConfigurationPlatforms) = postSolution
		{2DBCDDC5-9F35-44E3-97DB-9470D6B6EF2A}.Debug|Any CPU.ActiveCfg = Debug|Any CPU
		{2DBCDDC5-9F35-44E3-97DB-9470D6B6EF2A}.Debug|Any CPU.Build.0 = Debug|Any CPU
		{2DBCDDC5-9F35-44E3-97DB-9470D6B6EF2A}.Release|Any CPU.ActiveCfg = Release|Any CPU
		{2DBCDDC5-9F35-44E3-97DB-9470D6B6EF2A}.Release|Any CPU.Build.0 = Release|Any CPU
	EndGlobalSection
	GlobalSection(SolutionProperties) = preSolution
		HideSolutionNode = FALSE
	EndGlobalSection
	GlobalSection(ExtensibilityGlobals) = postSolution
		SolutionGuid = {3810F368-34A4-4D9E-8446-386404D00822}
	EndGlobalSection
EndGlobal
